
Microsoft Visual Studio Solution File, Format Version 12.00
# Visual Studio Version 16
VisualStudioVersion = 16.0.31005.135
MinimumVisualStudioVersion = 10.0.40219.1
Project("{FAE04EC0-301F-11D3-BF4B-00C04F79EFBC}") = "computer information(WMI)", "computer information(WMI).csproj", "{0DD179B2-A6A1-49E5-9FE2-43592ABC20B8}"
EndProject
Global
	GlobalSection(SolutionConfigurationPlatforms) = preSolution
		Debug|Any CPU = Debug|Any CPU
		Release|Any CPU = Release|Any CPU
	EndGlobalSection
	GlobalSection(ProjectConfigurationPlatforms) = postSolution
		{0DD179B2-A6A1-49E5-9FE2-43592ABC20B8}.Debug|Any CPU.ActiveCfg = Debug|Any CPU
		{0DD179B2-A6A1-49E5-9FE2-43592ABC20B8}.Debug|Any CPU.Build.0 = Debug|Any CPU
		{0DD179B2-A6A1-49E5-9FE2-43592ABC20B8}.Release|Any CPU.ActiveCfg = Release|Any CPU
		{0DD179B2-A6A1-49E5-9FE2-43592ABC20B8}.Release|Any CPU.Build.0 = Release|Any CPU
	EndGlobalSection
	GlobalSection(SolutionProperties) = preSolution
		HideSolutionNode = FALSE
	EndGlobalSection
	GlobalSection(ExtensibilityGlobals) = postSolution
		SolutionGuid = {C58AF81B-DBEA-4FDF-ABB0-FD222FF8B07D}
	EndGlobalSection
EndGlobal
